
Microsoft Visual Studio Solution File, Format Version 12.00
# Visual Studio Version 16
VisualStudioVersion = 16.0.30204.135
MinimumVisualStudioVersion = 10.0.40219.1
Project("{FAE04EC0-301F-11D3-BF4B-00C04F79EFBC}") = "DefiningClasses", "Define a Class Person\DefiningClasses.csproj", "{35B6D51F-62EB-46CA-BAA3-CD3221039E96}"
EndProject
Global
	GlobalSection(SolutionConfigurationPlatforms) = preSolution
		Debug|Any CPU = Debug|Any CPU
		Release|Any CPU = Release|Any CPU
	EndGlobalSection
	GlobalSection(ProjectConfigurationPlatforms) = postSolution
		{35B6D51F-62EB-46CA-BAA3-CD3221039E96}.Debug|Any CPU.ActiveCfg = Debug|Any CPU
		{35B6D51F-62EB-46CA-BAA3-CD3221039E96}.Debug|Any CPU.Build.0 = Debug|Any CPU
		{35B6D51F-62EB-46CA-BAA3-CD3221039E96}.Release|Any CPU.ActiveCfg = Release|Any CPU
		{35B6D51F-62EB-46CA-BAA3-CD3221039E96}.Release|Any CPU.Build.0 = Release|Any CPU
	EndGlobalSection
	GlobalSection(SolutionProperties) = preSolution
		HideSolutionNode = FALSE
	EndGlobalSection
	GlobalSection(ExtensibilityGlobals) = postSolution
		SolutionGuid = {8E954F0B-B086-4961-93A1-3E822A367E0F}
	EndGlobalSection
EndGlobal
